// !$*UTF8*$!
{
	archiveVersion = 1;
	classes = {
	};
	objectVersion = 77;
	objects = {

/* Begin PBXBuildFile section */
		4736ED212D4D2B8000DE6475 /* RxCocoa in Frameworks */ = {isa = PBXBuildFile; productRef = 4736ED202D4D2B8000DE6475 /* RxCocoa */; };
		4736ED232D4D2B8000DE6475 /* RxRelay in Frameworks */ = {isa = PBXBuildFile; productRef = 4736ED222D4D2B8000DE6475 /* RxRelay */; };
		4736ED252D4D2B8000DE6475 /* RxSwift in Frameworks */ = {isa = PBXBuildFile; productRef = 4736ED242D4D2B8000DE6475 /* RxSwift */; };
		4736ED412D4D33A500DE6475 /* SnapKit in Frameworks */ = {isa = PBXBuildFile; productRef = 4736ED402D4D33A500DE6475 /* SnapKit */; };
		4736ED442D4D33CC00DE6475 /* Then in Frameworks */ = {isa = PBXBuildFile; productRef = 4736ED432D4D33CC00DE6475 /* Then */; };
		47813EC42D5887C50047EDBE /* RxGesture in Frameworks */ = {isa = PBXBuildFile; productRef = 47813EC32D5887C50047EDBE /* RxGesture */; };
		47EABA422D6F4C26008F7DAD /* Alamofire in Frameworks */ = {isa = PBXBuildFile; productRef = 47EABA412D6F4C26008F7DAD /* Alamofire */; };
/* End PBXBuildFile section */

/* Begin PBXContainerItemProxy section */
		47213BF82D4D293100472320 /* PBXContainerItemProxy */ = {
			isa = PBXContainerItemProxy;
			containerPortal = 47213BD92D4D292F00472320 /* Project object */;
			proxyType = 1;
			remoteGlobalIDString = 47213BE02D4D292F00472320;
			remoteInfo = Flo_Clone;
		};
		47213C022D4D293100472320 /* PBXContainerItemProxy */ = {
			isa = PBXContainerItemProxy;
			containerPortal = 47213BD92D4D292F00472320 /* Project object */;
			proxyType = 1;
			remoteGlobalIDString = 47213BE02D4D292F00472320;
			remoteInfo = Flo_Clone;
		};
/* End PBXContainerItemProxy section */

/* Begin PBXFileReference section */
		47213BE12D4D292F00472320 /* Flo_Clone.app */ = {isa = PBXFileReference; explicitFileType = wrapper.application; includeInIndex = 0; path = Flo_Clone.app; sourceTree = BUILT_PRODUCTS_DIR; };
		47213BF72D4D293100472320 /* Flo_CloneTests.xctest */ = {isa = PBXFileReference; explicitFileType = wrapper.cfbundle; includeInIndex = 0; path = Flo_CloneTests.xctest; sourceTree = BUILT_PRODUCTS_DIR; };
		47213C012D4D293100472320 /* Flo_CloneUITests.xctest */ = {isa = PBXFileReference; explicitFileType = wrapper.cfbundle; includeInIndex = 0; path = Flo_CloneUITests.xctest; sourceTree = BUILT_PRODUCTS_DIR; };
/* End PBXFileReference section */

/* Begin PBXFileSystemSynchronizedBuildFileExceptionSet section */
		47213C092D4D293100472320 /* Exceptions for "Flo_Clone" folder in "Flo_Clone" target */ = {
			isa = PBXFileSystemSynchronizedBuildFileExceptionSet;
			membershipExceptions = (
				Info.plist,
			);
			target = 47213BE02D4D292F00472320 /* Flo_Clone */;
		};
/* End PBXFileSystemSynchronizedBuildFileExceptionSet section */

/* Begin PBXFileSystemSynchronizedRootGroup section */
		47213BE32D4D292F00472320 /* Flo_Clone */ = {
			isa = PBXFileSystemSynchronizedRootGroup;
			exceptions = (
				47213C092D4D293100472320 /* Exceptions for "Flo_Clone" folder in "Flo_Clone" target */,
			);
			path = Flo_Clone;
			sourceTree = "<group>";
		};
		47213BFA2D4D293100472320 /* Flo_CloneTests */ = {
			isa = PBXFileSystemSynchronizedRootGroup;
			path = Flo_CloneTests;
			sourceTree = "<group>";
		};
		47213C042D4D293100472320 /* Flo_CloneUITests */ = {
			isa = PBXFileSystemSynchronizedRootGroup;
			path = Flo_CloneUITests;
			sourceTree = "<group>";
		};
/* End PBXFileSystemSynchronizedRootGroup section */

/* Begin PBXFrameworksBuildPhase section */
		47213BDE2D4D292F00472320 /* Frameworks */ = {
			isa = PBXFrameworksBuildPhase;
			buildActionMask = 2147483647;
			files = (
				4736ED442D4D33CC00DE6475 /* Then in Frameworks */,
				47EABA422D6F4C26008F7DAD /* Alamofire in Frameworks */,
				4736ED252D4D2B8000DE6475 /* RxSwift in Frameworks */,
				4736ED412D4D33A500DE6475 /* SnapKit in Frameworks */,
				4736ED232D4D2B8000DE6475 /* RxRelay in Frameworks */,
				47813EC42D5887C50047EDBE /* RxGesture in Frameworks */,
				4736ED212D4D2B8000DE6475 /* RxCocoa in Frameworks */,
			);
			runOnlyForDeploymentPostprocessing = 0;
		};
		47213BF42D4D293100472320 /* Frameworks */ = {
			isa = PBXFrameworksBuildPhase;
			buildActionMask = 2147483647;
			files = (
			);
			runOnlyForDeploymentPostprocessing = 0;
		};
		47213BFE2D4D293100472320 /* Frameworks */ = {
			isa = PBXFrameworksBuildPhase;
			buildActionMask = 2147483647;
			files = (
			);
			runOnlyForDeploymentPostprocessing = 0;
		};
/* End PBXFrameworksBuildPhase section */

/* Begin PBXGroup section */
		47213BD82D4D292F00472320 = {
			isa = PBXGroup;
			children = (
				47213BE32D4D292F00472320 /* Flo_Clone */,
				47213BFA2D4D293100472320 /* Flo_CloneTests */,
				47213C042D4D293100472320 /* Flo_CloneUITests */,
				47213BE22D4D292F00472320 /* Products */,
			);
			sourceTree = "<group>";
		};
		47213BE22D4D292F00472320 /* Products */ = {
			isa = PBXGroup;
			children = (
				47213BE12D4D292F00472320 /* Flo_Clone.app */,
				47213BF72D4D293100472320 /* Flo_CloneTests.xctest */,
				47213C012D4D293100472320 /* Flo_CloneUITests.xctest */,
			);
			name = Products;
			sourceTree = "<group>";
		};
/* End PBXGroup section */

/* Begin PBXNativeTarget section */
		47213BE02D4D292F00472320 /* Flo_Clone */ = {
			isa = PBXNativeTarget;
			buildConfigurationList = 47213C0A2D4D293100472320 /* Build configuration list for PBXNativeTarget "Flo_Clone" */;
			buildPhases = (
				47213BDD2D4D292F00472320 /* Sources */,
				47213BDE2D4D292F00472320 /* Frameworks */,
				47213BDF2D4D292F00472320 /* Resources */,
			);
			buildRules = (
			);
			dependencies = (
			);
			fileSystemSynchronizedGroups = (
				47213BE32D4D292F00472320 /* Flo_Clone */,
			);
			name = Flo_Clone;
			packageProductDependencies = (
				4736ED202D4D2B8000DE6475 /* RxCocoa */,
				4736ED222D4D2B8000DE6475 /* RxRelay */,
				4736ED242D4D2B8000DE6475 /* RxSwift */,
				4736ED402D4D33A500DE6475 /* SnapKit */,
				4736ED432D4D33CC00DE6475 /* Then */,
				47813EC32D5887C50047EDBE /* RxGesture */,
				47EABA412D6F4C26008F7DAD /* Alamofire */,
			);
			productName = Flo_Clone;
			productReference = 47213BE12D4D292F00472320 /* Flo_Clone.app */;
			productType = "com.apple.product-type.application";
		};
		47213BF62D4D293100472320 /* Flo_CloneTests */ = {
			isa = PBXNativeTarget;
			buildConfigurationList = 47213C0F2D4D293100472320 /* Build configuration list for PBXNativeTarget "Flo_CloneTests" */;
			buildPhases = (
				47213BF32D4D293100472320 /* Sources */,
				47213BF42D4D293100472320 /* Frameworks */,
				47213BF52D4D293100472320 /* Resources */,
			);
			buildRules = (
			);
			dependencies = (
				47213BF92D4D293100472320 /* PBXTargetDependency */,
			);
			fileSystemSynchronizedGroups = (
				47213BFA2D4D293100472320 /* Flo_CloneTests */,
			);
			name = Flo_CloneTests;
			packageProductDependencies = (
			);
			productName = Flo_CloneTests;
			productReference = 47213BF72D4D293100472320 /* Flo_CloneTests.xctest */;
			productType = "com.apple.product-type.bundle.unit-test";
		};
		47213C002D4D293100472320 /* Flo_CloneUITests */ = {
			isa = PBXNativeTarget;
			buildConfigurationList = 47213C122D4D293100472320 /* Build configuration list for PBXNativeTarget "Flo_CloneUITests" */;
			buildPhases = (
				47213BFD2D4D293100472320 /* Sources */,
				47213BFE2D4D293100472320 /* Frameworks */,
				47213BFF2D4D293100472320 /* Resources */,
			);
			buildRules = (
			);
			dependencies = (
				47213C032D4D293100472320 /* PBXTargetDependency */,
			);
			fileSystemSynchronizedGroups = (
				47213C042D4D293100472320 /* Flo_CloneUITests */,
			);
			name = Flo_CloneUITests;
			packageProductDependencies = (
			);
			productName = Flo_CloneUITests;
			productReference = 47213C012D4D293100472320 /* Flo_CloneUITests.xctest */;
			productType = "com.apple.product-type.bundle.ui-testing";
		};
/* End PBXNativeTarget section */

/* Begin PBXProject section */
		47213BD92D4D292F00472320 /* Project object */ = {
			isa = PBXProject;
			attributes = {
				BuildIndependentTargetsInParallel = 1;
				LastSwiftUpdateCheck = 1620;
				LastUpgradeCheck = 1620;
				TargetAttributes = {
					47213BE02D4D292F00472320 = {
						CreatedOnToolsVersion = 16.2;
					};
					47213BF62D4D293100472320 = {
						CreatedOnToolsVersion = 16.2;
						TestTargetID = 47213BE02D4D292F00472320;
					};
					47213C002D4D293100472320 = {
						CreatedOnToolsVersion = 16.2;
						TestTargetID = 47213BE02D4D292F00472320;
					};
				};
			};
			buildConfigurationList = 47213BDC2D4D292F00472320 /* Build configuration list for PBXProject "Flo_Clone" */;
			developmentRegion = en;
			hasScannedForEncodings = 0;
			knownRegions = (
				en,
				Base,
			);
			mainGroup = 47213BD82D4D292F00472320;
			minimizedProjectReferenceProxies = 1;
			packageReferences = (
				4736ED1F2D4D2B8000DE6475 /* XCRemoteSwiftPackageReference "RxSwift" */,
				4736ED3F2D4D33A500DE6475 /* XCRemoteSwiftPackageReference "SnapKit" */,
				4736ED422D4D33CC00DE6475 /* XCRemoteSwiftPackageReference "Then" */,
				47813EC22D5887C50047EDBE /* XCRemoteSwiftPackageReference "RxGesture" */,
				47EABA402D6F4C26008F7DAD /* XCRemoteSwiftPackageReference "Alamofire" */,
			);
			preferredProjectObjectVersion = 77;
			productRefGroup = 47213BE22D4D292F00472320 /* Products */;
			projectDirPath = "";
			projectRoot = "";
			targets = (
				47213BE02D4D292F00472320 /* Flo_Clone */,
				47213BF62D4D293100472320 /* Flo_CloneTests */,
				47213C002D4D293100472320 /* Flo_CloneUITests */,
			);
		};
/* End PBXProject section */

/* Begin PBXResourcesBuildPhase section */
		47213BDF2D4D292F00472320 /* Resources */ = {
			isa = PBXResourcesBuildPhase;
			buildActionMask = 2147483647;
			files = (
			);
			runOnlyForDeploymentPostprocessing = 0;
		};
		47213BF52D4D293100472320 /* Resources */ = {
			isa = PBXResourcesBuildPhase;
			buildActionMask = 2147483647;
			files = (
			);
			runOnlyForDeploymentPostprocessing = 0;
		};
		47213BFF2D4D293100472320 /* Resources */ = {
			isa = PBXResourcesBuildPhase;
			buildActionMask = 2147483647;
			files = (
			);
			runOnlyForDeploymentPostprocessing = 0;
		};
/* End PBXResourcesBuildPhase section */

/* Begin PBXSourcesBuildPhase section */
		47213BDD2D4D292F00472320 /* Sources */ = {
			isa = PBXSourcesBuildPhase;
			buildActionMask = 2147483647;
			files = (
			);
			runOnlyForDeploymentPostprocessing = 0;
		};
		47213BF32D4D293100472320 /* Sources */ = {
			isa = PBXSourcesBuildPhase;
			buildActionMask = 2147483647;
			files = (
			);
			runOnlyForDeploymentPostprocessing = 0;
		};
		47213BFD2D4D293100472320 /* Sources */ = {
			isa = PBXSourcesBuildPhase;
			buildActionMask = 2147483647;
			files = (
			);
			runOnlyForDeploymentPostprocessing = 0;
		};
/* End PBXSourcesBuildPhase section */

/* Begin PBXTargetDependency section */
		47213BF92D4D293100472320 /* PBXTargetDependency */ = {
			isa = PBXTargetDependency;
			target = 47213BE02D4D292F00472320 /* Flo_Clone */;
			targetProxy = 47213BF82D4D293100472320 /* PBXContainerItemProxy */;
		};
		47213C032D4D293100472320 /* PBXTargetDependency */ = {
			isa = PBXTargetDependency;
			target = 47213BE02D4D292F00472320 /* Flo_Clone */;
			targetProxy = 47213C022D4D293100472320 /* PBXContainerItemProxy */;
		};
/* End PBXTargetDependency section */

/* Begin XCBuildConfiguration section */
		47213C0B2D4D293100472320 /* Debug */ = {
			isa = XCBuildConfiguration;
			buildSettings = {
				ASSETCATALOG_COMPILER_APPICON_NAME = AppIcon;
				ASSETCATALOG_COMPILER_GLOBAL_ACCENT_COLOR_NAME = AccentColor;
				CODE_SIGN_STYLE = Automatic;
				CURRENT_PROJECT_VERSION = 1;
				DEVELOPMENT_TEAM = P4D4ZQC4YF;
				GENERATE_INFOPLIST_FILE = YES;
				INFOPLIST_FILE = Flo_Clone/Info.plist;
				INFOPLIST_KEY_UIApplicationSupportsIndirectInputEvents = YES;
				INFOPLIST_KEY_UILaunchStoryboardName = LaunchScreen;
				INFOPLIST_KEY_UISupportedInterfaceOrientations_iPad = "UIInterfaceOrientationPortrait UIInterfaceOrientationPortraitUpsideDown UIInterfaceOrientationLandscapeLeft UIInterfaceOrientationLandscapeRight";
				INFOPLIST_KEY_UISupportedInterfaceOrientations_iPhone = "UIInterfaceOrientationPortrait UIInterfaceOrientationLandscapeLeft UIInterfaceOrientationLandscapeRight";
				IPHONEOS_DEPLOYMENT_TARGET = 17.0;
				LD_RUNPATH_SEARCH_PATHS = (
					"$(inherited)",
					"@executable_path/Frameworks",
				);
				MARKETING_VERSION = 1.0;
				PRODUCT_BUNDLE_IDENTIFIER = "Seokki.Flo-Clone";
				PRODUCT_NAME = "$(TARGET_NAME)";
				SWIFT_EMIT_LOC_STRINGS = YES;
				SWIFT_VERSION = 5.0;
				TARGETED_DEVICE_FAMILY = "1,2";
			};
			name = Debug;
		};
		47213C0C2D4D293100472320 /* Release */ = {
			isa = XCBuildConfiguration;
			buildSettings = {
				ASSETCATALOG_COMPILER_APPICON_NAME = AppIcon;
				ASSETCATALOG_COMPILER_GLOBAL_ACCENT_COLOR_NAME = AccentColor;
				CODE_SIGN_STYLE = Automatic;
				CURRENT_PROJECT_VERSION = 1;
				DEVELOPMENT_TEAM = P4D4ZQC4YF;
				GENERATE_INFOPLIST_FILE = YES;
				INFOPLIST_FILE = Flo_Clone/Info.plist;
				INFOPLIST_KEY_UIApplicationSupportsIndirectInputEvents = YES;
				INFOPLIST_KEY_UILaunchStoryboardName = LaunchScreen;
				INFOPLIST_KEY_UISupportedInterfaceOrientations_iPad = "UIInterfaceOrientationPortrait UIInterfaceOrientationPortraitUpsideDown UIInterfaceOrientationLandscapeLeft UIInterfaceOrientationLandscapeRight";
				INFOPLIST_KEY_UISupportedInterfaceOrientations_iPhone = "UIInterfaceOrientationPortrait UIInterfaceOrientationLandscapeLeft UIInterfaceOrientationLandscapeRight";
				IPHONEOS_DEPLOYMENT_TARGET = 17.0;
				LD_RUNPATH_SEARCH_PATHS = (
					"$(inherited)",
					"@executable_path/Frameworks",
				);
				MARKETING_VERSION = 1.0;
				PRODUCT_BUNDLE_IDENTIFIER = "Seokki.Flo-Clone";
				PRODUCT_NAME = "$(TARGET_NAME)";
				SWIFT_EMIT_LOC_STRINGS = YES;
				SWIFT_VERSION = 5.0;
				TARGETED_DEVICE_FAMILY = "1,2";
			};
			name = Release;
		};
		47213C0D2D4D293100472320 /* Debug */ = {
			isa = XCBuildConfiguration;
			buildSettings = {
				ALWAYS_SEARCH_USER_PATHS = NO;
				ASSETCATALOG_COMPILER_GENERATE_SWIFT_ASSET_SYMBOL_EXTENSIONS = YES;
				CLANG_ANALYZER_NONNULL = YES;
				CLANG_ANALYZER_NUMBER_OBJECT_CONVERSION = YES_AGGRESSIVE;
				CLANG_CXX_LANGUAGE_STANDARD = "gnu++20";
				CLANG_ENABLE_MODULES = YES;
				CLANG_ENABLE_OBJC_ARC = YES;
				CLANG_ENABLE_OBJC_WEAK = YES;
				CLANG_WARN_BLOCK_CAPTURE_AUTORELEASING = YES;
				CLANG_WARN_BOOL_CONVERSION = YES;
				CLANG_WARN_COMMA = YES;
				CLANG_WARN_CONSTANT_CONVERSION = YES;
				CLANG_WARN_DEPRECATED_OBJC_IMPLEMENTATIONS = YES;
				CLANG_WARN_DIRECT_OBJC_ISA_USAGE = YES_ERROR;
				CLANG_WARN_DOCUMENTATION_COMMENTS = YES;
				CLANG_WARN_EMPTY_BODY = YES;
				CLANG_WARN_ENUM_CONVERSION = YES;
				CLANG_WARN_INFINITE_RECURSION = YES;
				CLANG_WARN_INT_CONVERSION = YES;
				CLANG_WARN_NON_LITERAL_NULL_CONVERSION = YES;
				CLANG_WARN_OBJC_IMPLICIT_RETAIN_SELF = YES;
				CLANG_WARN_OBJC_LITERAL_CONVERSION = YES;
				CLANG_WARN_OBJC_ROOT_CLASS = YES_ERROR;
				CLANG_WARN_QUOTED_INCLUDE_IN_FRAMEWORK_HEADER = YES;
				CLANG_WARN_RANGE_LOOP_ANALYSIS = YES;
				CLANG_WARN_STRICT_PROTOTYPES = YES;
				CLANG_WARN_SUSPICIOUS_MOVE = YES;
				CLANG_WARN_UNGUARDED_AVAILABILITY = YES_AGGRESSIVE;
				CLANG_WARN_UNREACHABLE_CODE = YES;
				CLANG_WARN__DUPLICATE_METHOD_MATCH = YES;
				COPY_PHASE_STRIP = NO;
				DEBUG_INFORMATION_FORMAT = dwarf;
				ENABLE_STRICT_OBJC_MSGSEND = YES;
				ENABLE_TESTABILITY = YES;
				ENABLE_USER_SCRIPT_SANDBOXING = YES;
				GCC_C_LANGUAGE_STANDARD = gnu17;
				GCC_DYNAMIC_NO_PIC = NO;
				GCC_NO_COMMON_BLOCKS = YES;
				GCC_OPTIMIZATION_LEVEL = 0;
				GCC_PREPROCESSOR_DEFINITIONS = (
					"DEBUG=1",
					"$(inherited)",
				);
				GCC_WARN_64_TO_32_BIT_CONVERSION = YES;
				GCC_WARN_ABOUT_RETURN_TYPE = YES_ERROR;
				GCC_WARN_UNDECLARED_SELECTOR = YES;
				GCC_WARN_UNINITIALIZED_AUTOS = YES_AGGRESSIVE;
				GCC_WARN_UNUSED_FUNCTION = YES;
				GCC_WARN_UNUSED_VARIABLE = YES;
				IPHONEOS_DEPLOYMENT_TARGET = 18.2;
				LOCALIZATION_PREFERS_STRING_CATALOGS = YES;
				MTL_ENABLE_DEBUG_INFO = INCLUDE_SOURCE;
				MTL_FAST_MATH = YES;
				ONLY_ACTIVE_ARCH = YES;
				SDKROOT = iphoneos;
				SWIFT_ACTIVE_COMPILATION_CONDITIONS = "DEBUG $(inherited)";
				SWIFT_OPTIMIZATION_LEVEL = "-Onone";
			};
			name = Debug;
		};
		47213C0E2D4D293100472320 /* Release */ = {
			isa = XCBuildConfiguration;
			buildSettings = {
				ALWAYS_SEARCH_USER_PATHS = NO;
				ASSETCATALOG_COMPILER_GENERATE_SWIFT_ASSET_SYMBOL_EXTENSIONS = YES;
				CLANG_ANALYZER_NONNULL = YES;
				CLANG_ANALYZER_NUMBER_OBJECT_CONVERSION = YES_AGGRESSIVE;
				CLANG_CXX_LANGUAGE_STANDARD = "gnu++20";
				CLANG_ENABLE_MODULES = YES;
				CLANG_ENABLE_OBJC_ARC = YES;
				CLANG_ENABLE_OBJC_WEAK = YES;
				CLANG_WARN_BLOCK_CAPTURE_AUTORELEASING = YES;
				CLANG_WARN_BOOL_CONVERSION = YES;
				CLANG_WARN_COMMA = YES;
				CLANG_WARN_CONSTANT_CONVERSION = YES;
				CLANG_WARN_DEPRECATED_OBJC_IMPLEMENTATIONS = YES;
				CLANG_WARN_DIRECT_OBJC_ISA_USAGE = YES_ERROR;
				CLANG_WARN_DOCUMENTATION_COMMENTS = YES;
				CLANG_WARN_EMPTY_BODY = YES;
				CLANG_WARN_ENUM_CONVERSION = YES;
				CLANG_WARN_INFINITE_RECURSION = YES;
				CLANG_WARN_INT_CONVERSION = YES;
				CLANG_WARN_NON_LITERAL_NULL_CONVERSION = YES;
				CLANG_WARN_OBJC_IMPLICIT_RETAIN_SELF = YES;
				CLANG_WARN_OBJC_LITERAL_CONVERSION = YES;
				CLANG_WARN_OBJC_ROOT_CLASS = YES_ERROR;
				CLANG_WARN_QUOTED_INCLUDE_IN_FRAMEWORK_HEADER = YES;
				CLANG_WARN_RANGE_LOOP_ANALYSIS = YES;
				CLANG_WARN_STRICT_PROTOTYPES = YES;
				CLANG_WARN_SUSPICIOUS_MOVE = YES;
				CLANG_WARN_UNGUARDED_AVAILABILITY = YES_AGGRESSIVE;
				CLANG_WARN_UNREACHABLE_CODE = YES;
				CLANG_WARN__DUPLICATE_METHOD_MATCH = YES;
				COPY_PHASE_STRIP = NO;
				DEBUG_INFORMATION_FORMAT = "dwarf-with-dsym";
				ENABLE_NS_ASSERTIONS = NO;
				ENABLE_STRICT_OBJC_MSGSEND = YES;
				ENABLE_USER_SCRIPT_SANDBOXING = YES;
				GCC_C_LANGUAGE_STANDARD = gnu17;
				GCC_NO_COMMON_BLOCKS = YES;
				GCC_WARN_64_TO_32_BIT_CONVERSION = YES;
				GCC_WARN_ABOUT_RETURN_TYPE = YES_ERROR;
				GCC_WARN_UNDECLARED_SELECTOR = YES;
				GCC_WARN_UNINITIALIZED_AUTOS = YES_AGGRESSIVE;
				GCC_WARN_UNUSED_FUNCTION = YES;
				GCC_WARN_UNUSED_VARIABLE = YES;
				IPHONEOS_DEPLOYMENT_TARGET = 18.2;
				LOCALIZATION_PREFERS_STRING_CATALOGS = YES;
				MTL_ENABLE_DEBUG_INFO = NO;
				MTL_FAST_MATH = YES;
				SDKROOT = iphoneos;
				SWIFT_COMPILATION_MODE = wholemodule;
				VALIDATE_PRODUCT = YES;
			};
			name = Release;
		};
		47213C102D4D293100472320 /* Debug */ = {
			isa = XCBuildConfiguration;
			buildSettings = {
				BUNDLE_LOADER = "$(TEST_HOST)";
				CODE_SIGN_STYLE = Automatic;
				CURRENT_PROJECT_VERSION = 1;
				DEVELOPMENT_TEAM = X58MVPBY9R;
				GENERATE_INFOPLIST_FILE = YES;
				IPHONEOS_DEPLOYMENT_TARGET = 18.2;
				MARKETING_VERSION = 1.0;
				PRODUCT_BUNDLE_IDENTIFIER = "Seokki.Flo-CloneTests";
				PRODUCT_NAME = "$(TARGET_NAME)";
				SWIFT_EMIT_LOC_STRINGS = NO;
				SWIFT_VERSION = 5.0;
				TARGETED_DEVICE_FAMILY = "1,2";
				TEST_HOST = "$(BUILT_PRODUCTS_DIR)/Flo_Clone.app/$(BUNDLE_EXECUTABLE_FOLDER_PATH)/Flo_Clone";
			};
			name = Debug;
		};
		47213C112D4D293100472320 /* Release */ = {
			isa = XCBuildConfiguration;
			buildSettings = {
				BUNDLE_LOADER = "$(TEST_HOST)";
				CODE_SIGN_STYLE = Automatic;
				CURRENT_PROJECT_VERSION = 1;
				DEVELOPMENT_TEAM = X58MVPBY9R;
				GENERATE_INFOPLIST_FILE = YES;
				IPHONEOS_DEPLOYMENT_TARGET = 18.2;
				MARKETING_VERSION = 1.0;
				PRODUCT_BUNDLE_IDENTIFIER = "Seokki.Flo-CloneTests";
				PRODUCT_NAME = "$(TARGET_NAME)";
				SWIFT_EMIT_LOC_STRINGS = NO;
				SWIFT_VERSION = 5.0;
				TARGETED_DEVICE_FAMILY = "1,2";
				TEST_HOST = "$(BUILT_PRODUCTS_DIR)/Flo_Clone.app/$(BUNDLE_EXECUTABLE_FOLDER_PATH)/Flo_Clone";
			};
			name = Release;
		};
		47213C132D4D293100472320 /* Debug */ = {
			isa = XCBuildConfiguration;
			buildSettings = {
				CODE_SIGN_STYLE = Automatic;
				CURRENT_PROJECT_VERSION = 1;
				DEVELOPMENT_TEAM = X58MVPBY9R;
				GENERATE_INFOPLIST_FILE = YES;
				MARKETING_VERSION = 1.0;
				PRODUCT_BUNDLE_IDENTIFIER = "Seokki.Flo-CloneUITests";
				PRODUCT_NAME = "$(TARGET_NAME)";
				SWIFT_EMIT_LOC_STRINGS = NO;
				SWIFT_VERSION = 5.0;
				TARGETED_DEVICE_FAMILY = "1,2";
				TEST_TARGET_NAME = Flo_Clone;
			};
			name = Debug;
		};
		47213C142D4D293100472320 /* Release */ = {
			isa = XCBuildConfiguration;
			buildSettings = {
				CODE_SIGN_STYLE = Automatic;
				CURRENT_PROJECT_VERSION = 1;
				DEVELOPMENT_TEAM = X58MVPBY9R;
				GENERATE_INFOPLIST_FILE = YES;
				MARKETING_VERSION = 1.0;
				PRODUCT_BUNDLE_IDENTIFIER = "Seokki.Flo-CloneUITests";
				PRODUCT_NAME = "$(TARGET_NAME)";
				SWIFT_EMIT_LOC_STRINGS = NO;
				SWIFT_VERSION = 5.0;
				TARGETED_DEVICE_FAMILY = "1,2";
				TEST_TARGET_NAME = Flo_Clone;
			};
			name = Release;
		};
/* End XCBuildConfiguration section */

/* Begin XCConfigurationList section */
		47213BDC2D4D292F00472320 /* Build configuration list for PBXProject "Flo_Clone" */ = {
			isa = XCConfigurationList;
			buildConfigurations = (
				47213C0D2D4D293100472320 /* Debug */,
				47213C0E2D4D293100472320 /* Release */,
			);
			defaultConfigurationIsVisible = 0;
			defaultConfigurationName = Release;
		};
		47213C0A2D4D293100472320 /* Build configuration list for PBXNativeTarget "Flo_Clone" */ = {
			isa = XCConfigurationList;
			buildConfigurations = (
				47213C0B2D4D293100472320 /* Debug */,
				47213C0C2D4D293100472320 /* Release */,
			);
			defaultConfigurationIsVisible = 0;
			defaultConfigurationName = Release;
		};
		47213C0F2D4D293100472320 /* Build configuration list for PBXNativeTarget "Flo_CloneTests" */ = {
			isa = XCConfigurationList;
			buildConfigurations = (
				47213C102D4D293100472320 /* Debug */,
				47213C112D4D293100472320 /* Release */,
			);
			defaultConfigurationIsVisible = 0;
			defaultConfigurationName = Release;
		};
		47213C122D4D293100472320 /* Build configuration list for PBXNativeTarget "Flo_CloneUITests" */ = {
			isa = XCConfigurationList;
			buildConfigurations = (
				47213C132D4D293100472320 /* Debug */,
				47213C142D4D293100472320 /* Release */,
			);
			defaultConfigurationIsVisible = 0;
			defaultConfigurationName = Release;
		};
/* End XCConfigurationList section */

/* Begin XCRemoteSwiftPackageReference section */
		4736ED1F2D4D2B8000DE6475 /* XCRemoteSwiftPackageReference "RxSwift" */ = {
			isa = XCRemoteSwiftPackageReference;
			repositoryURL = "https://github.com/ReactiveX/RxSwift";
			requirement = {
				kind = upToNextMajorVersion;
				minimumVersion = 6.8.0;
			};
		};
		4736ED3F2D4D33A500DE6475 /* XCRemoteSwiftPackageReference "SnapKit" */ = {
			isa = XCRemoteSwiftPackageReference;
			repositoryURL = "https://github.com/SnapKit/SnapKit";
			requirement = {
				kind = upToNextMajorVersion;
				minimumVersion = 5.7.1;
			};
		};
		4736ED422D4D33CC00DE6475 /* XCRemoteSwiftPackageReference "Then" */ = {
			isa = XCRemoteSwiftPackageReference;
			repositoryURL = "https://github.com/devxoul/Then";
			requirement = {
				kind = upToNextMajorVersion;
				minimumVersion = 3.0.0;
			};
		};
		47813EC22D5887C50047EDBE /* XCRemoteSwiftPackageReference "RxGesture" */ = {
			isa = XCRemoteSwiftPackageReference;
			repositoryURL = "https://github.com/RxSwiftCommunity/RxGesture";
			requirement = {
				kind = upToNextMajorVersion;
				minimumVersion = 4.0.4;
			};
		};
		47EABA402D6F4C26008F7DAD /* XCRemoteSwiftPackageReference "Alamofire" */ = {
			isa = XCRemoteSwiftPackageReference;
			repositoryURL = "https://github.com/Alamofire/Alamofire.git";
			requirement = {
				kind = upToNextMajorVersion;
				minimumVersion = 5.10.2;
			};
		};
/* End XCRemoteSwiftPackageReference section */

/* Begin XCSwiftPackageProductDependency section */
		4736ED202D4D2B8000DE6475 /* RxCocoa */ = {
			isa = XCSwiftPackageProductDependency;
			package = 4736ED1F2D4D2B8000DE6475 /* XCRemoteSwiftPackageReference "RxSwift" */;
			productName = RxCocoa;
		};
		4736ED222D4D2B8000DE6475 /* RxRelay */ = {
			isa = XCSwiftPackageProductDependency;
			package = 4736ED1F2D4D2B8000DE6475 /* XCRemoteSwiftPackageReference "RxSwift" */;
			productName = RxRelay;
		};
		4736ED242D4D2B8000DE6475 /* RxSwift */ = {
			isa = XCSwiftPackageProductDependency;
			package = 4736ED1F2D4D2B8000DE6475 /* XCRemoteSwiftPackageReference "RxSwift" */;
			productName = RxSwift;
		};
		4736ED402D4D33A500DE6475 /* SnapKit */ = {
			isa = XCSwiftPackageProductDependency;
			package = 4736ED3F2D4D33A500DE6475 /* XCRemoteSwiftPackageReference "SnapKit" */;
			productName = SnapKit;
		};
		4736ED432D4D33CC00DE6475 /* Then */ = {
			isa = XCSwiftPackageProductDependency;
			package = 4736ED422D4D33CC00DE6475 /* XCRemoteSwiftPackageReference "Then" */;
			productName = Then;
		};
		47813EC32D5887C50047EDBE /* RxGesture */ = {
			isa = XCSwiftPackageProductDependency;
			package = 47813EC22D5887C50047EDBE /* XCRemoteSwiftPackageReference "RxGesture" */;
			productName = RxGesture;
		};
		47EABA412D6F4C26008F7DAD /* Alamofire */ = {
			isa = XCSwiftPackageProductDependency;
			package = 47EABA402D6F4C26008F7DAD /* XCRemoteSwiftPackageReference "Alamofire" */;
			productName = Alamofire;
		};
/* End XCSwiftPackageProductDependency section */
	};
	rootObject = 47213BD92D4D292F00472320 /* Project object */;
}
